// !$*UTF8*$!
{
	archiveVersion = 1;
	classes = {
	};
	objectVersion = 46;
	objects = {

/* Begin PBXBuildFile section */
		EE3CD16719FFBAB200C554AF /* main.m in Sources */ = {isa = PBXBuildFile; fileRef = EE3CD16619FFBAB200C554AF /* main.m */; };
		EE3CD16A19FFBAB200C554AF /* AppDelegate.m in Sources */ = {isa = PBXBuildFile; fileRef = EE3CD16919FFBAB200C554AF /* AppDelegate.m */; };
		EE3CD16D19FFBAB200C554AF /* ViewController.m in Sources */ = {isa = PBXBuildFile; fileRef = EE3CD16C19FFBAB200C554AF /* ViewController.m */; };
		EE3CD17019FFBAB200C554AF /* Main.storyboard in Resources */ = {isa = PBXBuildFile; fileRef = EE3CD16E19FFBAB200C554AF /* Main.storyboard */; };
		EE3CD17219FFBAB200C554AF /* Images.xcassets in Resources */ = {isa = PBXBuildFile; fileRef = EE3CD17119FFBAB200C554AF /* Images.xcassets */; };
		EE3CD18119FFBAB200C554AF /* SingleAppModeTests.m in Sources */ = {isa = PBXBuildFile; fileRef = EE3CD18019FFBAB200C554AF /* SingleAppModeTests.m */; };
/* End PBXBuildFile section */

/* Begin PBXContainerItemProxy section */
		EE3CD17B19FFBAB200C554AF /* PBXContainerItemProxy */ = {
			isa = PBXContainerItemProxy;
			containerPortal = EE3CD15919FFBAB200C554AF /* Project object */;
			proxyType = 1;
			remoteGlobalIDString = EE3CD16019FFBAB200C554AF;
			remoteInfo = SingleAppMode;
		};
/* End PBXContainerItemProxy section */

/* Begin PBXFileReference section */
		EE3CD16119FFBAB200C554AF /* SingleAppMode.app */ = {isa = PBXFileReference; explicitFileType = wrapper.application; includeInIndex = 0; path = SingleAppMode.app; sourceTree = BUILT_PRODUCTS_DIR; };
		EE3CD16519FFBAB200C554AF /* Info.plist */ = {isa = PBXFileReference; lastKnownFileType = text.plist.xml; path = Info.plist; sourceTree = "<group>"; };
		EE3CD16619FFBAB200C554AF /* main.m */ = {isa = PBXFileReference; lastKnownFileType = sourcecode.c.objc; path = main.m; sourceTree = "<group>"; };
		EE3CD16819FFBAB200C554AF /* AppDelegate.h */ = {isa = PBXFileReference; lastKnownFileType = sourcecode.c.h; path = AppDelegate.h; sourceTree = "<group>"; };
		EE3CD16919FFBAB200C554AF /* AppDelegate.m */ = {isa = PBXFileReference; lastKnownFileType = sourcecode.c.objc; path = AppDelegate.m; sourceTree = "<group>"; };
		EE3CD16B19FFBAB200C554AF /* ViewController.h */ = {isa = PBXFileReference; lastKnownFileType = sourcecode.c.h; path = ViewController.h; sourceTree = "<group>"; };
		EE3CD16C19FFBAB200C554AF /* ViewController.m */ = {isa = PBXFileReference; lastKnownFileType = sourcecode.c.objc; path = ViewController.m; sourceTree = "<group>"; };
		EE3CD16F19FFBAB200C554AF /* Base */ = {isa = PBXFileReference; lastKnownFileType = file.storyboard; name = Base; path = Base.lproj/Main.storyboard; sourceTree = "<group>"; };
		EE3CD17119FFBAB200C554AF /* Images.xcassets */ = {isa = PBXFileReference; lastKnownFileType = folder.assetcatalog; path = Images.xcassets; sourceTree = "<group>"; };
		EE3CD17A19FFBAB200C554AF /* SingleAppModeTests.xctest */ = {isa = PBXFileReference; explicitFileType = wrapper.cfbundle; includeInIndex = 0; path = SingleAppModeTests.xctest; sourceTree = BUILT_PRODUCTS_DIR; };
		EE3CD17F19FFBAB200C554AF /* Info.plist */ = {isa = PBXFileReference; lastKnownFileType = text.plist.xml; path = Info.plist; sourceTree = "<group>"; };
		EE3CD18019FFBAB200C554AF /* SingleAppModeTests.m */ = {isa = PBXFileReference; lastKnownFileType = sourcecode.c.objc; path = SingleAppModeTests.m; sourceTree = "<group>"; };
/* End PBXFileReference section */

/* Begin PBXFrameworksBuildPhase section */
		EE3CD15E19FFBAB200C554AF /* Frameworks */ = {
			isa = PBXFrameworksBuildPhase;
			buildActionMask = 2147483647;
			files = (
			);
			runOnlyForDeploymentPostprocessing = 0;
		};
		EE3CD17719FFBAB200C554AF /* Frameworks */ = {
			isa = PBXFrameworksBuildPhase;
			buildActionMask = 2147483647;
			files = (
			);
			runOnlyForDeploymentPostprocessing = 0;
		};
/* End PBXFrameworksBuildPhase section */

/* Begin PBXGroup section */
		EE3CD15819FFBAB200C554AF = {
			isa = PBXGroup;
			children = (
				EE3CD16319FFBAB200C554AF /* SingleAppMode */,
				EE3CD17D19FFBAB200C554AF /* SingleAppModeTests */,
				EE3CD16219FFBAB200C554AF /* Products */,
			);
			sourceTree = "<group>";
		};
		EE3CD16219FFBAB200C554AF /* Products */ = {
			isa = PBXGroup;
			children = (
				EE3CD16119FFBAB200C554AF /* SingleAppMode.app */,
				EE3CD17A19FFBAB200C554AF /* SingleAppModeTests.xctest */,
			);
			name = Products;
			sourceTree = "<group>";
		};
		EE3CD16319FFBAB200C554AF /* SingleAppMode */ = {
			isa = PBXGroup;
			children = (
				EE3CD16819FFBAB200C554AF /* AppDelegate.h */,
				EE3CD16919FFBAB200C554AF /* AppDelegate.m */,
				EE3CD16B19FFBAB200C554AF /* ViewController.h */,
				EE3CD16C19FFBAB200C554AF /* ViewController.m */,
				EE3CD16E19FFBAB200C554AF /* Main.storyboard */,
				EE3CD17119FFBAB200C554AF /* Images.xcassets */,
				EE3CD16419FFBAB200C554AF /* Supporting Files */,
			);
			path = SingleAppMode;
			sourceTree = "<group>";
		};
		EE3CD16419FFBAB200C554AF /* Supporting Files */ = {
			isa = PBXGroup;
			children = (
				EE3CD16519FFBAB200C554AF /* Info.plist */,
				EE3CD16619FFBAB200C554AF /* main.m */,
			);
			name = "Supporting Files";
			sourceTree = "<group>";
		};
		EE3CD17D19FFBAB200C554AF /* SingleAppModeTests */ = {
			isa = PBXGroup;
			children = (
				EE3CD18019FFBAB200C554AF /* SingleAppModeTests.m */,
				EE3CD17E19FFBAB200C554AF /* Supporting Files */,
			);
			path = SingleAppModeTests;
			sourceTree = "<group>";
		};
		EE3CD17E19FFBAB200C554AF /* Supporting Files */ = {
			isa = PBXGroup;
			children = (
				EE3CD17F19FFBAB200C554AF /* Info.plist */,
			);
			name = "Supporting Files";
			sourceTree = "<group>";
		};
/* End PBXGroup section */

/* Begin PBXNativeTarget section */
		EE3CD16019FFBAB200C554AF /* SingleAppMode */ = {
			isa = PBXNativeTarget;
			buildConfigurationList = EE3CD18419FFBAB200C554AF /* Build configuration list for PBXNativeTarget "SingleAppMode" */;
			buildPhases = (
				EE3CD15D19FFBAB200C554AF /* Sources */,
				EE3CD15E19FFBAB200C554AF /* Frameworks */,
				EE3CD15F19FFBAB200C554AF /* Resources */,
			);
			buildRules = (
			);
			dependencies = (
			);
			name = SingleAppMode;
			productName = SingleAppMode;
			productReference = EE3CD16119FFBAB200C554AF /* SingleAppMode.app */;
			productType = "com.apple.product-type.application";
		};
		EE3CD17919FFBAB200C554AF /* SingleAppModeTests */ = {
			isa = PBXNativeTarget;
			buildConfigurationList = EE3CD18719FFBAB200C554AF /* Build configuration list for PBXNativeTarget "SingleAppModeTests" */;
			buildPhases = (
				EE3CD17619FFBAB200C554AF /* Sources */,
				EE3CD17719FFBAB200C554AF /* Frameworks */,
				EE3CD17819FFBAB200C554AF /* Resources */,
			);
			buildRules = (
			);
			dependencies = (
				EE3CD17C19FFBAB200C554AF /* PBXTargetDependency */,
			);
			name = SingleAppModeTests;
			productName = SingleAppModeTests;
			productReference = EE3CD17A19FFBAB200C554AF /* SingleAppModeTests.xctest */;
			productType = "com.apple.product-type.bundle.unit-test";
		};
/* End PBXNativeTarget section */

/* Begin PBXProject section */
		EE3CD15919FFBAB200C554AF /* Project object */ = {
			isa = PBXProject;
			attributes = {
				LastUpgradeCheck = 0610;
				ORGANIZATIONNAME = Catnip;
				TargetAttributes = {
					EE3CD16019FFBAB200C554AF = {
						CreatedOnToolsVersion = 6.1;
						DevelopmentTeam = WTQHZW3YL7;
					};
					EE3CD17919FFBAB200C554AF = {
						CreatedOnToolsVersion = 6.1;
						TestTargetID = EE3CD16019FFBAB200C554AF;
					};
				};
			};
			buildConfigurationList = EE3CD15C19FFBAB200C554AF /* Build configuration list for PBXProject "SingleAppMode" */;
			compatibilityVersion = "Xcode 3.2";
			developmentRegion = English;
			hasScannedForEncodings = 0;
			knownRegions = (
				en,
				Base,
			);
			mainGroup = EE3CD15819FFBAB200C554AF;
			productRefGroup = EE3CD16219FFBAB200C554AF /* Products */;
			projectDirPath = "";
			projectRoot = "";
			targets = (
				EE3CD16019FFBAB200C554AF /* SingleAppMode */,
				EE3CD17919FFBAB200C554AF /* SingleAppModeTests */,
			);
		};
/* End PBXProject section */

/* Begin PBXResourcesBuildPhase section */
		EE3CD15F19FFBAB200C554AF /* Resources */ = {
			isa = PBXResourcesBuildPhase;
			buildActionMask = 2147483647;
			files = (
				EE3CD17019FFBAB200C554AF /* Main.storyboard in Resources */,
				EE3CD17219FFBAB200C554AF /* Images.xcassets in Resources */,
			);
			runOnlyForDeploymentPostprocessing = 0;
		};
		EE3CD17819FFBAB200C554AF /* Resources */ = {
			isa = PBXResourcesBuildPhase;
			buildActionMask = 2147483647;
			files = (
			);
			runOnlyForDeploymentPostprocessing = 0;
		};
/* End PBXResourcesBuildPhase section */

/* Begin PBXSourcesBuildPhase section */
		EE3CD15D19FFBAB200C554AF /* Sources */ = {
			isa = PBXSourcesBuildPhase;
			buildActionMask = 2147483647;
			files = (
				EE3CD16D19FFBAB200C554AF /* ViewController.m in Sources */,
				EE3CD16A19FFBAB200C554AF /* AppDelegate.m in Sources */,
				EE3CD16719FFBAB200C554AF /* main.m in Sources */,
			);
			runOnlyForDeploymentPostprocessing = 0;
		};
		EE3CD17619FFBAB200C554AF /* Sources */ = {
			isa = PBXSourcesBuildPhase;
			buildActionMask = 2147483647;
			files = (
				EE3CD18119FFBAB200C554AF /* SingleAppModeTests.m in Sources */,
			);
			runOnlyForDeploymentPostprocessing = 0;
		};
/* End PBXSourcesBuildPhase section */

/* Begin PBXTargetDependency section */
		EE3CD17C19FFBAB200C554AF /* PBXTargetDependency */ = {
			isa = PBXTargetDependency;
			target = EE3CD16019FFBAB200C554AF /* SingleAppMode */;
			targetProxy = EE3CD17B19FFBAB200C554AF /* PBXContainerItemProxy */;
		};
/* End PBXTargetDependency section */

/* Begin PBXVariantGroup section */
		EE3CD16E19FFBAB200C554AF /* Main.storyboard */ = {
			isa = PBXVariantGroup;
			children = (
				EE3CD16F19FFBAB200C554AF /* Base */,
			);
			name = Main.storyboard;
			sourceTree = "<group>";
		};
/* End PBXVariantGroup section */

/* Begin XCBuildConfiguration section */
		EE3CD18219FFBAB200C554AF /* Debug */ = {
			isa = XCBuildConfiguration;
			buildSettings = {
				ALWAYS_SEARCH_USER_PATHS = NO;
				CLANG_CXX_LANGUAGE_STANDARD = "gnu++0x";
				CLANG_CXX_LIBRARY = "libc++";
				CLANG_ENABLE_MODULES = YES;
				CLANG_ENABLE_OBJC_ARC = YES;
				CLANG_WARN_BOOL_CONVERSION = YES;
				CLANG_WARN_CONSTANT_CONVERSION = YES;
				CLANG_WARN_DIRECT_OBJC_ISA_USAGE = YES_ERROR;
				CLANG_WARN_EMPTY_BODY = YES;
				CLANG_WARN_ENUM_CONVERSION = YES;
				CLANG_WARN_INT_CONVERSION = YES;
				CLANG_WARN_OBJC_ROOT_CLASS = YES_ERROR;
				CLANG_WARN_UNREACHABLE_CODE = YES;
				CLANG_WARN__DUPLICATE_METHOD_MATCH = YES;
				"CODE_SIGN_IDENTITY[sdk=iphoneos*]" = "iPhone Developer";
				COPY_PHASE_STRIP = NO;
				ENABLE_STRICT_OBJC_MSGSEND = YES;
				GCC_C_LANGUAGE_STANDARD = gnu99;
				GCC_DYNAMIC_NO_PIC = NO;
				GCC_OPTIMIZATION_LEVEL = 0;
				GCC_PREPROCESSOR_DEFINITIONS = (
					"DEBUG=1",
					"$(inherited)",
				);
				GCC_SYMBOLS_PRIVATE_EXTERN = NO;
				GCC_WARN_64_TO_32_BIT_CONVERSION = YES;
				GCC_WARN_ABOUT_RETURN_TYPE = YES_ERROR;
				GCC_WARN_UNDECLARED_SELECTOR = YES;
				GCC_WARN_UNINITIALIZED_AUTOS = YES_AGGRESSIVE;
				GCC_WARN_UNUSED_FUNCTION = YES;
				GCC_WARN_UNUSED_VARIABLE = YES;
				IPHONEOS_DEPLOYMENT_TARGET = 8.1;
				MTL_ENABLE_DEBUG_INFO = YES;
				ONLY_ACTIVE_ARCH = YES;
				SDKROOT = iphoneos;
				TARGETED_DEVICE_FAMILY = 2;
			};
			name = Debug;
		};
		EE3CD18319FFBAB200C554AF /* Release */ = {
			isa = XCBuildConfiguration;
			buildSettings = {
				ALWAYS_SEARCH_USER_PATHS = NO;
				CLANG_CXX_LANGUAGE_STANDARD = "gnu++0x";
				CLANG_CXX_LIBRARY = "libc++";
				CLANG_ENABLE_MODULES = YES;
				CLANG_ENABLE_OBJC_ARC = YES;
				CLANG_WARN_BOOL_CONVERSION = YES;
				CLANG_WARN_CONSTANT_CONVERSION = YES;
				CLANG_WARN_DIRECT_OBJC_ISA_USAGE = YES_ERROR;
				CLANG_WARN_EMPTY_BODY = YES;
				CLANG_WARN_ENUM_CONVERSION = YES;
				CLANG_WARN_INT_CONVERSION = YES;
				CLANG_WARN_OBJC_ROOT_CLASS = YES_ERROR;
				CLANG_WARN_UNREACHABLE_CODE = YES;
				CLANG_WARN__DUPLICATE_METHOD_MATCH = YES;
				"CODE_SIGN_IDENTITY[sdk=iphoneos*]" = "iPhone Developer";
				COPY_PHASE_STRIP = YES;
				ENABLE_NS_ASSERTIONS = NO;
				ENABLE_STRICT_OBJC_MSGSEND = YES;
				GCC_C_LANGUAGE_STANDARD = gnu99;
				GCC_WARN_64_TO_32_BIT_CONVERSION = YES;
				GCC_WARN_ABOUT_RETURN_TYPE = YES_ERROR;
				GCC_WARN_UNDECLARED_SELECTOR = YES;
				GCC_WARN_UNINITIALIZED_AUTOS = YES_AGGRESSIVE;
				GCC_WARN_UNUSED_FUNCTION = YES;
				GCC_WARN_UNUSED_VARIABLE = YES;
				IPHONEOS_DEPLOYMENT_TARGET = 8.1;
				MTL_ENABLE_DEBUG_INFO = NO;
				SDKROOT = iphoneos;
				TARGETED_DEVICE_FAMILY = 2;
				VALIDATE_PRODUCT = YES;
			};
			name = Release;
		};
		EE3CD18519FFBAB200C554AF /* Debug */ = {
			isa = XCBuildConfiguration;
			buildSettings = {
				ASSETCATALOG_COMPILER_APPICON_NAME = AppIcon;
				CODE_SIGN_IDENTITY = "iPhone Developer";
				"CODE_SIGN_IDENTITY[sdk=iphoneos*]" = "iPhone Developer";
				INFOPLIST_FILE = SingleAppMode/Info.plist;
				LD_RUNPATH_SEARCH_PATHS = "$(inherited) @executable_path/Frameworks";
				PRODUCT_NAME = "$(TARGET_NAME)";
				PROVISIONING_PROFILE = "";
			};
			name = Debug;
		};
		EE3CD18619FFBAB200C554AF /* Release */ = {
			isa = XCBuildConfiguration;
			buildSettings = {
				ASSETCATALOG_COMPILER_APPICON_NAME = AppIcon;
				CODE_SIGN_IDENTITY = "iPhone Developer";
				"CODE_SIGN_IDENTITY[sdk=iphoneos*]" = "iPhone Developer";
				INFOPLIST_FILE = SingleAppMode/Info.plist;
				LD_RUNPATH_SEARCH_PATHS = "$(inherited) @executable_path/Frameworks";
				PRODUCT_NAME = "$(TARGET_NAME)";
				PROVISIONING_PROFILE = "";
			};
			name = Release;
		};
		EE3CD18819FFBAB200C554AF /* Debug */ = {
			isa = XCBuildConfiguration;
			buildSettings = {
				BUNDLE_LOADER = "$(TEST_HOST)";
				FRAMEWORK_SEARCH_PATHS = (
					"$(SDKROOT)/Developer/Library/Frameworks",
					"$(inherited)",
				);
				GCC_PREPROCESSOR_DEFINITIONS = (
					"DEBUG=1",
					"$(inherited)",
				);
				INFOPLIST_FILE = SingleAppModeTests/Info.plist;
				LD_RUNPATH_SEARCH_PATHS = "$(inherited) @executable_path/Frameworks @loader_path/Frameworks";
				PRODUCT_NAME = "$(TARGET_NAME)";
				TEST_HOST = "$(BUILT_PRODUCTS_DIR)/SingleAppMode.app/SingleAppMode";
			};
			name = Debug;
		};
		EE3CD18919FFBAB200C554AF /* Release */ = {
			isa = XCBuildConfiguration;
			buildSettings = {
				BUNDLE_LOADER = "$(TEST_HOST)";
				FRAMEWORK_SEARCH_PATHS = (
					"$(SDKROOT)/Developer/Library/Frameworks",
					"$(inherited)",
				);
				INFOPLIST_FILE = SingleAppModeTests/Info.plist;
				LD_RUNPATH_SEARCH_PATHS = "$(inherited) @executable_path/Frameworks @loader_path/Frameworks";
				PRODUCT_NAME = "$(TARGET_NAME)";
				TEST_HOST = "$(BUILT_PRODUCTS_DIR)/SingleAppMode.app/SingleAppMode";
			};
			name = Release;
		};
/* End XCBuildConfiguration section */

/* Begin XCConfigurationList section */
		EE3CD15C19FFBAB200C554AF /* Build configuration list for PBXProject "SingleAppMode" */ = {
			isa = XCConfigurationList;
			buildConfigurations = (
				EE3CD18219FFBAB200C554AF /* Debug */,
				EE3CD18319FFBAB200C554AF /* Release */,
			);
			defaultConfigurationIsVisible = 0;
			defaultConfigurationName = Release;
		};
		EE3CD18419FFBAB200C554AF /* Build configuration list for PBXNativeTarget "SingleAppMode" */ = {
			isa = XCConfigurationList;
			buildConfigurations = (
				EE3CD18519FFBAB200C554AF /* Debug */,
				EE3CD18619FFBAB200C554AF /* Release */,
			);
			defaultConfigurationIsVisible = 0;
			defaultConfigurationName = Release;
		};
		EE3CD18719FFBAB200C554AF /* Build configuration list for PBXNativeTarget "SingleAppModeTests" */ = {
			isa = XCConfigurationList;
			buildConfigurations = (
				EE3CD18819FFBAB200C554AF /* Debug */,
				EE3CD18919FFBAB200C554AF /* Release */,
			);
			defaultConfigurationIsVisible = 0;
			defaultConfigurationName = Release;
		};
/* End XCConfigurationList section */
	};
	rootObject = EE3CD15919FFBAB200C554AF /* Project object */;
}
